// !$*UTF8*$!
{
	archiveVersion = 1;
	classes = {
	};
	objectVersion = 46;
	objects = {

/* Begin PBXBuildFile section */
		59C17E3F1A9DC2F200EAF821 /* AppDelegate.swift in Sources */ = {isa = PBXBuildFile; fileRef = 59C17E3E1A9DC2F200EAF821 /* AppDelegate.swift */; };
		59C17E411A9DC2F200EAF821 /* ViewController.swift in Sources */ = {isa = PBXBuildFile; fileRef = 59C17E401A9DC2F200EAF821 /* ViewController.swift */; };
		59C17E441A9DC2F200EAF821 /* Main.storyboard in Resources */ = {isa = PBXBuildFile; fileRef = 59C17E421A9DC2F200EAF821 /* Main.storyboard */; };
		59C17E461A9DC2F200EAF821 /* Images.xcassets in Resources */ = {isa = PBXBuildFile; fileRef = 59C17E451A9DC2F200EAF821 /* Images.xcassets */; };
		59C17E491A9DC2F200EAF821 /* LaunchScreen.xib in Resources */ = {isa = PBXBuildFile; fileRef = 59C17E471A9DC2F200EAF821 /* LaunchScreen.xib */; };
		59C17E551A9DC2F200EAF821 /* Midterm_SwiftTests.swift in Sources */ = {isa = PBXBuildFile; fileRef = 59C17E541A9DC2F200EAF821 /* Midterm_SwiftTests.swift */; };
/* End PBXBuildFile section */

/* Begin PBXContainerItemProxy section */
		59C17E4F1A9DC2F200EAF821 /* PBXContainerItemProxy */ = {
			isa = PBXContainerItemProxy;
			containerPortal = 59C17E311A9DC2F200EAF821 /* Project object */;
			proxyType = 1;
			remoteGlobalIDString = 59C17E381A9DC2F200EAF821;
			remoteInfo = "Midterm-Swift";
		};
/* End PBXContainerItemProxy section */

/* Begin PBXFileReference section */
		59C17E391A9DC2F200EAF821 /* Midterm-Swift.app */ = {isa = PBXFileReference; explicitFileType = wrapper.application; includeInIndex = 0; path = "Midterm-Swift.app"; sourceTree = BUILT_PRODUCTS_DIR; };
		59C17E3D1A9DC2F200EAF821 /* Info.plist */ = {isa = PBXFileReference; lastKnownFileType = text.plist.xml; path = Info.plist; sourceTree = "<group>"; };
		59C17E3E1A9DC2F200EAF821 /* AppDelegate.swift */ = {isa = PBXFileReference; lastKnownFileType = sourcecode.swift; path = AppDelegate.swift; sourceTree = "<group>"; };
		59C17E401A9DC2F200EAF821 /* ViewController.swift */ = {isa = PBXFileReference; lastKnownFileType = sourcecode.swift; path = ViewController.swift; sourceTree = "<group>"; };
		59C17E431A9DC2F200EAF821 /* Base */ = {isa = PBXFileReference; lastKnownFileType = file.storyboard; name = Base; path = Base.lproj/Main.storyboard; sourceTree = "<group>"; };
		59C17E451A9DC2F200EAF821 /* Images.xcassets */ = {isa = PBXFileReference; lastKnownFileType = folder.assetcatalog; path = Images.xcassets; sourceTree = "<group>"; };
		59C17E481A9DC2F200EAF821 /* Base */ = {isa = PBXFileReference; lastKnownFileType = file.xib; name = Base; path = Base.lproj/LaunchScreen.xib; sourceTree = "<group>"; };
		59C17E4E1A9DC2F200EAF821 /* Midterm-SwiftTests.xctest */ = {isa = PBXFileReference; explicitFileType = wrapper.cfbundle; includeInIndex = 0; path = "Midterm-SwiftTests.xctest"; sourceTree = BUILT_PRODUCTS_DIR; };
		59C17E531A9DC2F200EAF821 /* Info.plist */ = {isa = PBXFileReference; lastKnownFileType = text.plist.xml; path = Info.plist; sourceTree = "<group>"; };
		59C17E541A9DC2F200EAF821 /* Midterm_SwiftTests.swift */ = {isa = PBXFileReference; lastKnownFileType = sourcecode.swift; path = Midterm_SwiftTests.swift; sourceTree = "<group>"; };
/* End PBXFileReference section */

/* Begin PBXFrameworksBuildPhase section */
		59C17E361A9DC2F200EAF821 /* Frameworks */ = {
			isa = PBXFrameworksBuildPhase;
			buildActionMask = 2147483647;
			files = (
			);
			runOnlyForDeploymentPostprocessing = 0;
		};
		59C17E4B1A9DC2F200EAF821 /* Frameworks */ = {
			isa = PBXFrameworksBuildPhase;
			buildActionMask = 2147483647;
			files = (
			);
			runOnlyForDeploymentPostprocessing = 0;
		};
/* End PBXFrameworksBuildPhase section */

/* Begin PBXGroup section */
		59C17E301A9DC2F200EAF821 = {
			isa = PBXGroup;
			children = (
				59C17E3B1A9DC2F200EAF821 /* Midterm-Swift */,
				59C17E511A9DC2F200EAF821 /* Midterm-SwiftTests */,
				59C17E3A1A9DC2F200EAF821 /* Products */,
			);
			sourceTree = "<group>";
		};
		59C17E3A1A9DC2F200EAF821 /* Products */ = {
			isa = PBXGroup;
			children = (
				59C17E391A9DC2F200EAF821 /* Midterm-Swift.app */,
				59C17E4E1A9DC2F200EAF821 /* Midterm-SwiftTests.xctest */,
			);
			name = Products;
			sourceTree = "<group>";
		};
		59C17E3B1A9DC2F200EAF821 /* Midterm-Swift */ = {
			isa = PBXGroup;
			children = (
				59C17E3E1A9DC2F200EAF821 /* AppDelegate.swift */,
				59C17E401A9DC2F200EAF821 /* ViewController.swift */,
				59C17E421A9DC2F200EAF821 /* Main.storyboard */,
				59C17E451A9DC2F200EAF821 /* Images.xcassets */,
				59C17E471A9DC2F200EAF821 /* LaunchScreen.xib */,
				59C17E3C1A9DC2F200EAF821 /* Supporting Files */,
			);
			path = "Midterm-Swift";
			sourceTree = "<group>";
		};
		59C17E3C1A9DC2F200EAF821 /* Supporting Files */ = {
			isa = PBXGroup;
			children = (
				59C17E3D1A9DC2F200EAF821 /* Info.plist */,
			);
			name = "Supporting Files";
			sourceTree = "<group>";
		};
		59C17E511A9DC2F200EAF821 /* Midterm-SwiftTests */ = {
			isa = PBXGroup;
			children = (
				59C17E541A9DC2F200EAF821 /* Midterm_SwiftTests.swift */,
				59C17E521A9DC2F200EAF821 /* Supporting Files */,
			);
			path = "Midterm-SwiftTests";
			sourceTree = "<group>";
		};
		59C17E521A9DC2F200EAF821 /* Supporting Files */ = {
			isa = PBXGroup;
			children = (
				59C17E531A9DC2F200EAF821 /* Info.plist */,
			);
			name = "Supporting Files";
			sourceTree = "<group>";
		};
/* End PBXGroup section */

/* Begin PBXNativeTarget section */
		59C17E381A9DC2F200EAF821 /* Midterm-Swift */ = {
			isa = PBXNativeTarget;
			buildConfigurationList = 59C17E581A9DC2F200EAF821 /* Build configuration list for PBXNativeTarget "Midterm-Swift" */;
			buildPhases = (
				59C17E351A9DC2F200EAF821 /* Sources */,
				59C17E361A9DC2F200EAF821 /* Frameworks */,
				59C17E371A9DC2F200EAF821 /* Resources */,
			);
			buildRules = (
			);
			dependencies = (
			);
			name = "Midterm-Swift";
			productName = "Midterm-Swift";
			productReference = 59C17E391A9DC2F200EAF821 /* Midterm-Swift.app */;
			productType = "com.apple.product-type.application";
		};
		59C17E4D1A9DC2F200EAF821 /* Midterm-SwiftTests */ = {
			isa = PBXNativeTarget;
			buildConfigurationList = 59C17E5B1A9DC2F200EAF821 /* Build configuration list for PBXNativeTarget "Midterm-SwiftTests" */;
			buildPhases = (
				59C17E4A1A9DC2F200EAF821 /* Sources */,
				59C17E4B1A9DC2F200EAF821 /* Frameworks */,
				59C17E4C1A9DC2F200EAF821 /* Resources */,
			);
			buildRules = (
			);
			dependencies = (
				59C17E501A9DC2F200EAF821 /* PBXTargetDependency */,
			);
			name = "Midterm-SwiftTests";
			productName = "Midterm-SwiftTests";
			productReference = 59C17E4E1A9DC2F200EAF821 /* Midterm-SwiftTests.xctest */;
			productType = "com.apple.product-type.bundle.unit-test";
		};
/* End PBXNativeTarget section */

/* Begin PBXProject section */
		59C17E311A9DC2F200EAF821 /* Project object */ = {
			isa = PBXProject;
			attributes = {
				LastUpgradeCheck = 0610;
				ORGANIZATIONNAME = "Nav Bhatti";
				TargetAttributes = {
					59C17E381A9DC2F200EAF821 = {
						CreatedOnToolsVersion = 6.1.1;
					};
					59C17E4D1A9DC2F200EAF821 = {
						CreatedOnToolsVersion = 6.1.1;
						TestTargetID = 59C17E381A9DC2F200EAF821;
					};
				};
			};
			buildConfigurationList = 59C17E341A9DC2F200EAF821 /* Build configuration list for PBXProject "Midterm-Swift" */;
			compatibilityVersion = "Xcode 3.2";
			developmentRegion = English;
			hasScannedForEncodings = 0;
			knownRegions = (
				en,
				Base,
			);
			mainGroup = 59C17E301A9DC2F200EAF821;
			productRefGroup = 59C17E3A1A9DC2F200EAF821 /* Products */;
			projectDirPath = "";
			projectRoot = "";
			targets = (
				59C17E381A9DC2F200EAF821 /* Midterm-Swift */,
				59C17E4D1A9DC2F200EAF821 /* Midterm-SwiftTests */,
			);
		};
/* End PBXProject section */

/* Begin PBXResourcesBuildPhase section */
		59C17E371A9DC2F200EAF821 /* Resources */ = {
			isa = PBXResourcesBuildPhase;
			buildActionMask = 2147483647;
			files = (
				59C17E441A9DC2F200EAF821 /* Main.storyboard in Resources */,
				59C17E491A9DC2F200EAF821 /* LaunchScreen.xib in Resources */,
				59C17E461A9DC2F200EAF821 /* Images.xcassets in Resources */,
			);
			runOnlyForDeploymentPostprocessing = 0;
		};
		59C17E4C1A9DC2F200EAF821 /* Resources */ = {
			isa = PBXResourcesBuildPhase;
			buildActionMask = 2147483647;
			files = (
			);
			runOnlyForDeploymentPostprocessing = 0;
		};
/* End PBXResourcesBuildPhase section */

/* Begin PBXSourcesBuildPhase section */
		59C17E351A9DC2F200EAF821 /* Sources */ = {
			isa = PBXSourcesBuildPhase;
			buildActionMask = 2147483647;
			files = (
				59C17E411A9DC2F200EAF821 /* ViewController.swift in Sources */,
				59C17E3F1A9DC2F200EAF821 /* AppDelegate.swift in Sources */,
			);
			runOnlyForDeploymentPostprocessing = 0;
		};
		59C17E4A1A9DC2F200EAF821 /* Sources */ = {
			isa = PBXSourcesBuildPhase;
			buildActionMask = 2147483647;
			files = (
				59C17E551A9DC2F200EAF821 /* Midterm_SwiftTests.swift in Sources */,
			);
			runOnlyForDeploymentPostprocessing = 0;
		};
/* End PBXSourcesBuildPhase section */

/* Begin PBXTargetDependency section */
		59C17E501A9DC2F200EAF821 /* PBXTargetDependency */ = {
			isa = PBXTargetDependency;
			target = 59C17E381A9DC2F200EAF821 /* Midterm-Swift */;
			targetProxy = 59C17E4F1A9DC2F200EAF821 /* PBXContainerItemProxy */;
		};
/* End PBXTargetDependency section */

/* Begin PBXVariantGroup section */
		59C17E421A9DC2F200EAF821 /* Main.storyboard */ = {
			isa = PBXVariantGroup;
			children = (
				59C17E431A9DC2F200EAF821 /* Base */,
			);
			name = Main.storyboard;
			sourceTree = "<group>";
		};
		59C17E471A9DC2F200EAF821 /* LaunchScreen.xib */ = {
			isa = PBXVariantGroup;
			children = (
				59C17E481A9DC2F200EAF821 /* Base */,
			);
			name = LaunchScreen.xib;
			sourceTree = "<group>";
		};
/* End PBXVariantGroup section */

/* Begin XCBuildConfiguration section */
		59C17E561A9DC2F200EAF821 /* Debug */ = {
			isa = XCBuildConfiguration;
			buildSettings = {
				ALWAYS_SEARCH_USER_PATHS = NO;
				CLANG_CXX_LANGUAGE_STANDARD = "gnu++0x";
				CLANG_CXX_LIBRARY = "libc++";
				CLANG_ENABLE_MODULES = YES;
				CLANG_ENABLE_OBJC_ARC = YES;
				CLANG_WARN_BOOL_CONVERSION = YES;
				CLANG_WARN_CONSTANT_CONVERSION = YES;
				CLANG_WARN_DIRECT_OBJC_ISA_USAGE = YES_ERROR;
				CLANG_WARN_EMPTY_BODY = YES;
				CLANG_WARN_ENUM_CONVERSION = YES;
				CLANG_WARN_INT_CONVERSION = YES;
				CLANG_WARN_OBJC_ROOT_CLASS = YES_ERROR;
				CLANG_WARN_UNREACHABLE_CODE = YES;
				CLANG_WARN__DUPLICATE_METHOD_MATCH = YES;
				"CODE_SIGN_IDENTITY[sdk=iphoneos*]" = "iPhone Developer";
				COPY_PHASE_STRIP = NO;
				ENABLE_STRICT_OBJC_MSGSEND = YES;
				GCC_C_LANGUAGE_STANDARD = gnu99;
				GCC_DYNAMIC_NO_PIC = NO;
				GCC_OPTIMIZATION_LEVEL = 0;
				GCC_PREPROCESSOR_DEFINITIONS = (
					"DEBUG=1",
					"$(inherited)",
				);
				GCC_SYMBOLS_PRIVATE_EXTERN = NO;
				GCC_WARN_64_TO_32_BIT_CONVERSION = YES;
				GCC_WARN_ABOUT_RETURN_TYPE = YES_ERROR;
				GCC_WARN_UNDECLARED_SELECTOR = YES;
				GCC_WARN_UNINITIALIZED_AUTOS = YES_AGGRESSIVE;
				GCC_WARN_UNUSED_FUNCTION = YES;
				GCC_WARN_UNUSED_VARIABLE = YES;
				IPHONEOS_DEPLOYMENT_TARGET = 8.1;
				MTL_ENABLE_DEBUG_INFO = YES;
				ONLY_ACTIVE_ARCH = YES;
				SDKROOT = iphoneos;
				SWIFT_OPTIMIZATION_LEVEL = "-Onone";
				TARGETED_DEVICE_FAMILY = "1,2";
			};
			name = Debug;
		};
		59C17E571A9DC2F200EAF821 /* Release */ = {
			isa = XCBuildConfiguration;
			buildSettings = {
				ALWAYS_SEARCH_USER_PATHS = NO;
				CLANG_CXX_LANGUAGE_STANDARD = "gnu++0x";
				CLANG_CXX_LIBRARY = "libc++";
				CLANG_ENABLE_MODULES = YES;
				CLANG_ENABLE_OBJC_ARC = YES;
				CLANG_WARN_BOOL_CONVERSION = YES;
				CLANG_WARN_CONSTANT_CONVERSION = YES;
				CLANG_WARN_DIRECT_OBJC_ISA_USAGE = YES_ERROR;
				CLANG_WARN_EMPTY_BODY = YES;
				CLANG_WARN_ENUM_CONVERSION = YES;
				CLANG_WARN_INT_CONVERSION = YES;
				CLANG_WARN_OBJC_ROOT_CLASS = YES_ERROR;
				CLANG_WARN_UNREACHABLE_CODE = YES;
				CLANG_WARN__DUPLICATE_METHOD_MATCH = YES;
				"CODE_SIGN_IDENTITY[sdk=iphoneos*]" = "iPhone Developer";
				COPY_PHASE_STRIP = YES;
				ENABLE_NS_ASSERTIONS = NO;
				ENABLE_STRICT_OBJC_MSGSEND = YES;
				GCC_C_LANGUAGE_STANDARD = gnu99;
				GCC_WARN_64_TO_32_BIT_CONVERSION = YES;
				GCC_WARN_ABOUT_RETURN_TYPE = YES_ERROR;
				GCC_WARN_UNDECLARED_SELECTOR = YES;
				GCC_WARN_UNINITIALIZED_AUTOS = YES_AGGRESSIVE;
				GCC_WARN_UNUSED_FUNCTION = YES;
				GCC_WARN_UNUSED_VARIABLE = YES;
				IPHONEOS_DEPLOYMENT_TARGET = 8.1;
				MTL_ENABLE_DEBUG_INFO = NO;
				SDKROOT = iphoneos;
				TARGETED_DEVICE_FAMILY = "1,2";
				VALIDATE_PRODUCT = YES;
			};
			name = Release;
		};
		59C17E591A9DC2F200EAF821 /* Debug */ = {
			isa = XCBuildConfiguration;
			buildSettings = {
				ASSETCATALOG_COMPILER_APPICON_NAME = AppIcon;
				INFOPLIST_FILE = "Midterm-Swift/Info.plist";
				LD_RUNPATH_SEARCH_PATHS = "$(inherited) @executable_path/Frameworks";
				PRODUCT_NAME = "$(TARGET_NAME)";
			};
			name = Debug;
		};
		59C17E5A1A9DC2F200EAF821 /* Release */ = {
			isa = XCBuildConfiguration;
			buildSettings = {
				ASSETCATALOG_COMPILER_APPICON_NAME = AppIcon;
				INFOPLIST_FILE = "Midterm-Swift/Info.plist";
				LD_RUNPATH_SEARCH_PATHS = "$(inherited) @executable_path/Frameworks";
				PRODUCT_NAME = "$(TARGET_NAME)";
			};
			name = Release;
		};
		59C17E5C1A9DC2F200EAF821 /* Debug */ = {
			isa = XCBuildConfiguration;
			buildSettings = {
				BUNDLE_LOADER = "$(TEST_HOST)";
				FRAMEWORK_SEARCH_PATHS = (
					"$(SDKROOT)/Developer/Library/Frameworks",
					"$(inherited)",
				);
				GCC_PREPROCESSOR_DEFINITIONS = (
					"DEBUG=1",
					"$(inherited)",
				);
				INFOPLIST_FILE = "Midterm-SwiftTests/Info.plist";
				LD_RUNPATH_SEARCH_PATHS = "$(inherited) @executable_path/Frameworks @loader_path/Frameworks";
				PRODUCT_NAME = "$(TARGET_NAME)";
				TEST_HOST = "$(BUILT_PRODUCTS_DIR)/Midterm-Swift.app/Midterm-Swift";
			};
			name = Debug;
		};
		59C17E5D1A9DC2F200EAF821 /* Release */ = {
			isa = XCBuildConfiguration;
			buildSettings = {
				BUNDLE_LOADER = "$(TEST_HOST)";
				FRAMEWORK_SEARCH_PATHS = (
					"$(SDKROOT)/Developer/Library/Frameworks",
					"$(inherited)",
				);
				INFOPLIST_FILE = "Midterm-SwiftTests/Info.plist";
				LD_RUNPATH_SEARCH_PATHS = "$(inherited) @executable_path/Frameworks @loader_path/Frameworks";
				PRODUCT_NAME = "$(TARGET_NAME)";
				TEST_HOST = "$(BUILT_PRODUCTS_DIR)/Midterm-Swift.app/Midterm-Swift";
			};
			name = Release;
		};
/* End XCBuildConfiguration section */

/* Begin XCConfigurationList section */
		59C17E341A9DC2F200EAF821 /* Build configuration list for PBXProject "Midterm-Swift" */ = {
			isa = XCConfigurationList;
			buildConfigurations = (
				59C17E561A9DC2F200EAF821 /* Debug */,
				59C17E571A9DC2F200EAF821 /* Release */,
			);
			defaultConfigurationIsVisible = 0;
			defaultConfigurationName = Release;
		};
		59C17E581A9DC2F200EAF821 /* Build configuration list for PBXNativeTarget "Midterm-Swift" */ = {
			isa = XCConfigurationList;
			buildConfigurations = (
				59C17E591A9DC2F200EAF821 /* Debug */,
				59C17E5A1A9DC2F200EAF821 /* Release */,
			);
			defaultConfigurationIsVisible = 0;
		};
		59C17E5B1A9DC2F200EAF821 /* Build configuration list for PBXNativeTarget "Midterm-SwiftTests" */ = {
			isa = XCConfigurationList;
			buildConfigurations = (
				59C17E5C1A9DC2F200EAF821 /* Debug */,
				59C17E5D1A9DC2F200EAF821 /* Release */,
			);
			defaultConfigurationIsVisible = 0;
		};
/* End XCConfigurationList section */
	};
	rootObject = 59C17E311A9DC2F200EAF821 /* Project object */;
}
